
Microsoft Visual Studio Solution File, Format Version 12.00
# Visual Studio Version 16
VisualStudioVersion = 16.0.31025.194
MinimumVisualStudioVersion = 10.0.40219.1
Project("{9A19103F-16F7-4668-BE54-9A1E7A4F7556}") = "Siagri.Clima.API", "src\Siagri.Clima.API\Siagri.Clima.API.csproj", "{87D13C84-50A7-4A2C-8119-CB97F54B9B7D}"
EndProject
Project("{9A19103F-16F7-4668-BE54-9A1E7A4F7556}") = "Siagri.Clima.Data", "src\Siagri.Clima.Data\Siagri.Clima.Data.csproj", "{3B296528-6B23-4D5A-BB14-6D4C316D524F}"
EndProject
Project("{9A19103F-16F7-4668-BE54-9A1E7A4F7556}") = "Siagri.Clima.Business", "src\Siagri.Clima.Business\Siagri.Clima.Business.csproj", "{9ED6ABDB-9D9F-4B1C-82B2-9F806F5EFF53}"
EndProject
Global
	GlobalSection(SolutionConfigurationPlatforms) = preSolution
		Debug|Any CPU = Debug|Any CPU
		Release|Any CPU = Release|Any CPU
	EndGlobalSection
	GlobalSection(ProjectConfigurationPlatforms) = postSolution
		{87D13C84-50A7-4A2C-8119-CB97F54B9B7D}.Debug|Any CPU.ActiveCfg = Debug|Any CPU
		{87D13C84-50A7-4A2C-8119-CB97F54B9B7D}.Debug|Any CPU.Build.0 = Debug|Any CPU
		{87D13C84-50A7-4A2C-8119-CB97F54B9B7D}.Release|Any CPU.ActiveCfg = Release|Any CPU
		{87D13C84-50A7-4A2C-8119-CB97F54B9B7D}.Release|Any CPU.Build.0 = Release|Any CPU
		{3B296528-6B23-4D5A-BB14-6D4C316D524F}.Debug|Any CPU.ActiveCfg = Debug|Any CPU
		{3B296528-6B23-4D5A-BB14-6D4C316D524F}.Debug|Any CPU.Build.0 = Debug|Any CPU
		{3B296528-6B23-4D5A-BB14-6D4C316D524F}.Release|Any CPU.ActiveCfg = Release|Any CPU
		{3B296528-6B23-4D5A-BB14-6D4C316D524F}.Release|Any CPU.Build.0 = Release|Any CPU
		{9ED6ABDB-9D9F-4B1C-82B2-9F806F5EFF53}.Debug|Any CPU.ActiveCfg = Debug|Any CPU
		{9ED6ABDB-9D9F-4B1C-82B2-9F806F5EFF53}.Debug|Any CPU.Build.0 = Debug|Any CPU
		{9ED6ABDB-9D9F-4B1C-82B2-9F806F5EFF53}.Release|Any CPU.ActiveCfg = Release|Any CPU
		{9ED6ABDB-9D9F-4B1C-82B2-9F806F5EFF53}.Release|Any CPU.Build.0 = Release|Any CPU
	EndGlobalSection
	GlobalSection(SolutionProperties) = preSolution
		HideSolutionNode = FALSE
	EndGlobalSection
	GlobalSection(ExtensibilityGlobals) = postSolution
		SolutionGuid = {47AF0255-A760-4033-9574-F2466191604D}
	EndGlobalSection
EndGlobal
